<?xml version="1.0" encoding="utf-8"?>
<Project ToolsVersion="4.0" xmlns="http://schemas.microsoft.com/developer/msbuild/2003">
  <ItemGroup>
    <CudaCompile Include="sample.cu">
      <Filter>Random</Filter>
    </CudaCompile>
    <CudaCompile Include="random.cu">
      <Filter>Random</Filter>
    </CudaCompile>
  </ItemGroup>
  <ItemGroup>
    <ClInclude Include="spectral.h" />
    <ClInclude Include="mat2x2.h">
      <Filter>matrix types</Filter>
    </ClInclude>
    <ClInclude Include="mat3x3.h">
      <Filter>matrix types</Filter>
    </ClInclude>
    <ClInclude Include="mat4x4.h">
      <Filter>matrix types</Filter>
    </ClInclude>
    <ClInclude Include="sample.h">
      <Filter>Random</Filter>
    </ClInclude>
    <ClInclude Include="ASA.hpp" />
    <ClInclude Include="cuda_common.h" />
    <ClInclude Include="gl_common.h" />
    <ClInclude Include="numeric.h" />
    <ClInclude Include="mat.h">
      <Filter>Matrix</Filter>
    </ClInclude>
    <ClInclude Include="vec.h">
      <Filter>Vector</Filter>
    </ClInclude>
    <ClInclude Include="quat.h">
      <Filter>Quaternions</Filter>
    </ClInclude>
    <ClInclude Include="cmplx.h">
      <Filter>Complex Numbers</Filter>
    </ClInclude>
    <ClInclude Include="random.h">
      <Filter>Random</Filter>
    </ClInclude>
  </ItemGroup>
  <ItemGroup>
    <None Include="mat2x2.inl">
      <Filter>matrix types</Filter>
    </None>
    <None Include="mat3x3.inl">
      <Filter>matrix types</Filter>
    </None>
    <None Include="mat4x4.inl">
      <Filter>matrix types</Filter>
    </None>
    <None Include="mat.inl">
      <Filter>Matrix</Filter>
    </None>
    <None Include="vec.inl">
      <Filter>Vector</Filter>
    </None>
    <None Include="quat.inl">
      <Filter>Quaternions</Filter>
    </None>
    <None Include="cmplx.inl">
      <Filter>Complex Numbers</Filter>
    </None>
    <None Include="spectral.inl" />
  </ItemGroup>
  <ItemGroup>
    <Filter Include="matrix types">
      <UniqueIdentifier>{029e3296-20ad-4155-824a-4ff8eae9a131}</UniqueIdentifier>
    </Filter>
    <Filter Include="Matrix">
      <UniqueIdentifier>{35cadff9-f803-471f-8d34-119e92595f26}</UniqueIdentifier>
    </Filter>
    <Filter Include="Vector">
      <UniqueIdentifier>{fccca5cd-59fb-4252-9b78-26b160356390}</UniqueIdentifier>
    </Filter>
    <Filter Include="Quaternions">
      <UniqueIdentifier>{43d848a0-2a22-43c1-a1ab-d06783b929bd}</UniqueIdentifier>
    </Filter>
    <Filter Include="Complex Numbers">
      <UniqueIdentifier>{1d2d973a-7958-4d48-b48f-222ef7b3315c}</UniqueIdentifier>
    </Filter>
    <Filter Include="Random">
      <UniqueIdentifier>{30b80080-6bc9-4f48-b239-4d30d296f585}</UniqueIdentifier>
    </Filter>
  </ItemGroup>
  <ItemGroup>
    <ClCompile Include="cuda_common.cpp" />
  </ItemGroup>
</Project>